
Microsoft Visual Studio Solution File, Format Version 12.00
# Visual Studio Version 16
VisualStudioVersion = 16.0.29905.134
MinimumVisualStudioVersion = 10.0.40219.1
Project("{FAE04EC0-301F-11D3-BF4B-00C04F79EFBC}") = "NewPandemic4", "NewPandemic4.csproj", "{869F50AD-B221-42DC-AF9A-D694F588FEC7}"
EndProject
Global
	GlobalSection(SolutionConfigurationPlatforms) = preSolution
		Debug|Any CPU = Debug|Any CPU
		Release|Any CPU = Release|Any CPU
	EndGlobalSection
	GlobalSection(ProjectConfigurationPlatforms) = postSolution
		{869F50AD-B221-42DC-AF9A-D694F588FEC7}.Debug|Any CPU.ActiveCfg = Debug|Any CPU
		{869F50AD-B221-42DC-AF9A-D694F588FEC7}.Debug|Any CPU.Build.0 = Debug|Any CPU
		{869F50AD-B221-42DC-AF9A-D694F588FEC7}.Release|Any CPU.ActiveCfg = Release|Any CPU
		{869F50AD-B221-42DC-AF9A-D694F588FEC7}.Release|Any CPU.Build.0 = Release|Any CPU
	EndGlobalSection
	GlobalSection(SolutionProperties) = preSolution
		HideSolutionNode = FALSE
	EndGlobalSection
	GlobalSection(ExtensibilityGlobals) = postSolution
		SolutionGuid = {5B1BC1CC-C6CD-4182-B608-843B20186506}
	EndGlobalSection
EndGlobal
